// !$*UTF8*$!
{
	archiveVersion = 1;
	classes = {
	};
	objectVersion = 56;
	objects = {

/* Begin PBXBuildFile section */
		B61F50F92B7B07390011D79F /* WibuAppApp.swift in Sources */ = {isa = PBXBuildFile; fileRef = B61F50F82B7B07390011D79F /* WibuAppApp.swift */; };
		B61F50FB2B7B07390011D79F /* ContentView.swift in Sources */ = {isa = PBXBuildFile; fileRef = B61F50FA2B7B07390011D79F /* ContentView.swift */; };
		B61F50FD2B7B073A0011D79F /* Assets.xcassets in Resources */ = {isa = PBXBuildFile; fileRef = B61F50FC2B7B073A0011D79F /* Assets.xcassets */; };
		B61F51002B7B073A0011D79F /* Preview Assets.xcassets in Resources */ = {isa = PBXBuildFile; fileRef = B61F50FF2B7B073A0011D79F /* Preview Assets.xcassets */; };
		B61F510D2B7B3B930011D79F /* CharacterCard.swift in Sources */ = {isa = PBXBuildFile; fileRef = B61F510C2B7B3B930011D79F /* CharacterCard.swift */; };
		B61F510F2B7B76530011D79F /* WaifuModel.swift in Sources */ = {isa = PBXBuildFile; fileRef = B61F510E2B7B76530011D79F /* WaifuModel.swift */; };
		B61F51112B7B76760011D79F /* NetworkManager.swift in Sources */ = {isa = PBXBuildFile; fileRef = B61F51102B7B76760011D79F /* NetworkManager.swift */; };
		B61F51142B7B77D70011D79F /* HomeViewModel.swift in Sources */ = {isa = PBXBuildFile; fileRef = B61F51132B7B77D70011D79F /* HomeViewModel.swift */; };
		B61F51172B7B79100011D79F /* WaifuService.swift in Sources */ = {isa = PBXBuildFile; fileRef = B61F51162B7B79100011D79F /* WaifuService.swift */; };
		B63266992B7F0F4E00CA729E /* Localizable.xcstrings in Resources */ = {isa = PBXBuildFile; fileRef = B63266982B7F0F4E00CA729E /* Localizable.xcstrings */; };
		B6D3683F2B7E299E0081A435 /* ShareSheetView.swift in Sources */ = {isa = PBXBuildFile; fileRef = B6D3683E2B7E299E0081A435 /* ShareSheetView.swift */; };
/* End PBXBuildFile section */

/* Begin PBXFileReference section */
		B61F50F52B7B07390011D79F /* WibuApp.app */ = {isa = PBXFileReference; explicitFileType = wrapper.application; includeInIndex = 0; path = WibuApp.app; sourceTree = BUILT_PRODUCTS_DIR; };
		B61F50F82B7B07390011D79F /* WibuAppApp.swift */ = {isa = PBXFileReference; lastKnownFileType = sourcecode.swift; path = WibuAppApp.swift; sourceTree = "<group>"; };
		B61F50FA2B7B07390011D79F /* ContentView.swift */ = {isa = PBXFileReference; lastKnownFileType = sourcecode.swift; path = ContentView.swift; sourceTree = "<group>"; };
		B61F50FC2B7B073A0011D79F /* Assets.xcassets */ = {isa = PBXFileReference; lastKnownFileType = folder.assetcatalog; path = Assets.xcassets; sourceTree = "<group>"; };
		B61F50FF2B7B073A0011D79F /* Preview Assets.xcassets */ = {isa = PBXFileReference; lastKnownFileType = folder.assetcatalog; path = "Preview Assets.xcassets"; sourceTree = "<group>"; };
		B61F510C2B7B3B930011D79F /* CharacterCard.swift */ = {isa = PBXFileReference; lastKnownFileType = sourcecode.swift; path = CharacterCard.swift; sourceTree = "<group>"; };
		B61F510E2B7B76530011D79F /* WaifuModel.swift */ = {isa = PBXFileReference; lastKnownFileType = sourcecode.swift; path = WaifuModel.swift; sourceTree = "<group>"; };
		B61F51102B7B76760011D79F /* NetworkManager.swift */ = {isa = PBXFileReference; lastKnownFileType = sourcecode.swift; path = NetworkManager.swift; sourceTree = "<group>"; };
		B61F51132B7B77D70011D79F /* HomeViewModel.swift */ = {isa = PBXFileReference; lastKnownFileType = sourcecode.swift; path = HomeViewModel.swift; sourceTree = "<group>"; };
		B61F51162B7B79100011D79F /* WaifuService.swift */ = {isa = PBXFileReference; lastKnownFileType = sourcecode.swift; path = WaifuService.swift; sourceTree = "<group>"; };
		B63266982B7F0F4E00CA729E /* Localizable.xcstrings */ = {isa = PBXFileReference; lastKnownFileType = text.json.xcstrings; path = Localizable.xcstrings; sourceTree = "<group>"; };
		B6D3683E2B7E299E0081A435 /* ShareSheetView.swift */ = {isa = PBXFileReference; lastKnownFileType = sourcecode.swift; path = ShareSheetView.swift; sourceTree = "<group>"; };
/* End PBXFileReference section */

/* Begin PBXFrameworksBuildPhase section */
		B61F50F22B7B07390011D79F /* Frameworks */ = {
			isa = PBXFrameworksBuildPhase;
			buildActionMask = 2147483647;
			files = (
			);
			runOnlyForDeploymentPostprocessing = 0;
		};
/* End PBXFrameworksBuildPhase section */

/* Begin PBXGroup section */
		B61F50EC2B7B07390011D79F = {
			isa = PBXGroup;
			children = (
				B61F50F72B7B07390011D79F /* WibuApp */,
				B61F50F62B7B07390011D79F /* Products */,
			);
			sourceTree = "<group>";
		};
		B61F50F62B7B07390011D79F /* Products */ = {
			isa = PBXGroup;
			children = (
				B61F50F52B7B07390011D79F /* WibuApp.app */,
			);
			name = Products;
			sourceTree = "<group>";
		};
		B61F50F72B7B07390011D79F /* WibuApp */ = {
			isa = PBXGroup;
			children = (
				B63266962B7F0AC600CA729E /* Resource */,
				B61F51152B7B79000011D79F /* Service */,
				B61F510A2B7B07F70011D79F /* Network */,
				B61F51092B7B07ED0011D79F /* Model */,
				B61F51072B7B07D10011D79F /* Presentation */,
				B61F51062B7B07C60011D79F /* App */,
				B61F50FE2B7B073A0011D79F /* Preview Content */,
			);
			path = WibuApp;
			sourceTree = "<group>";
		};
		B61F50FE2B7B073A0011D79F /* Preview Content */ = {
			isa = PBXGroup;
			children = (
				B61F50FF2B7B073A0011D79F /* Preview Assets.xcassets */,
			);
			path = "Preview Content";
			sourceTree = "<group>";
		};
		B61F51062B7B07C60011D79F /* App */ = {
			isa = PBXGroup;
			children = (
				B61F50F82B7B07390011D79F /* WibuAppApp.swift */,
			);
			path = App;
			sourceTree = "<group>";
		};
		B61F51072B7B07D10011D79F /* Presentation */ = {
			isa = PBXGroup;
			children = (
				B6D3683D2B7E29930081A435 /* Component */,
				B61F51082B7B07DB0011D79F /* Home */,
			);
			path = Presentation;
			sourceTree = "<group>";
		};
		B61F51082B7B07DB0011D79F /* Home */ = {
			isa = PBXGroup;
			children = (
				B61F51122B7B77C90011D79F /* ViewModel */,
				B61F510B2B7B3B850011D79F /* Component */,
				B61F50FA2B7B07390011D79F /* ContentView.swift */,
			);
			path = Home;
			sourceTree = "<group>";
		};
		B61F51092B7B07ED0011D79F /* Model */ = {
			isa = PBXGroup;
			children = (
				B61F510E2B7B76530011D79F /* WaifuModel.swift */,
			);
			path = Model;
			sourceTree = "<group>";
		};
		B61F510A2B7B07F70011D79F /* Network */ = {
			isa = PBXGroup;
			children = (
				B61F51102B7B76760011D79F /* NetworkManager.swift */,
			);
			path = Network;
			sourceTree = "<group>";
		};
		B61F510B2B7B3B850011D79F /* Component */ = {
			isa = PBXGroup;
			children = (
				B61F510C2B7B3B930011D79F /* CharacterCard.swift */,
			);
			path = Component;
			sourceTree = "<group>";
		};
		B61F51122B7B77C90011D79F /* ViewModel */ = {
			isa = PBXGroup;
			children = (
				B61F51132B7B77D70011D79F /* HomeViewModel.swift */,
			);
			path = ViewModel;
			sourceTree = "<group>";
		};
		B61F51152B7B79000011D79F /* Service */ = {
			isa = PBXGroup;
			children = (
				B61F51162B7B79100011D79F /* WaifuService.swift */,
			);
			path = Service;
			sourceTree = "<group>";
		};
		B63266962B7F0AC600CA729E /* Resource */ = {
			isa = PBXGroup;
			children = (
				B63266972B7F0C3600CA729E /* String */,
				B61F50FC2B7B073A0011D79F /* Assets.xcassets */,
			);
			path = Resource;
			sourceTree = "<group>";
		};
		B63266972B7F0C3600CA729E /* String */ = {
			isa = PBXGroup;
			children = (
				B63266982B7F0F4E00CA729E /* Localizable.xcstrings */,
			);
			path = String;
			sourceTree = "<group>";
		};
		B6D3683D2B7E29930081A435 /* Component */ = {
			isa = PBXGroup;
			children = (
				B6D3683E2B7E299E0081A435 /* ShareSheetView.swift */,
			);
			path = Component;
			sourceTree = "<group>";
		};
/* End PBXGroup section */

/* Begin PBXNativeTarget section */
		B61F50F42B7B07390011D79F /* WibuApp */ = {
			isa = PBXNativeTarget;
			buildConfigurationList = B61F51032B7B073A0011D79F /* Build configuration list for PBXNativeTarget "WibuApp" */;
			buildPhases = (
				B61F50F12B7B07390011D79F /* Sources */,
				B61F50F22B7B07390011D79F /* Frameworks */,
				B61F50F32B7B07390011D79F /* Resources */,
			);
			buildRules = (
			);
			dependencies = (
			);
			name = WibuApp;
			productName = WibuApp;
			productReference = B61F50F52B7B07390011D79F /* WibuApp.app */;
			productType = "com.apple.product-type.application";
		};
/* End PBXNativeTarget section */

/* Begin PBXProject section */
		B61F50ED2B7B07390011D79F /* Project object */ = {
			isa = PBXProject;
			attributes = {
				BuildIndependentTargetsInParallel = 1;
				LastSwiftUpdateCheck = 1520;
				LastUpgradeCheck = 1520;
				TargetAttributes = {
					B61F50F42B7B07390011D79F = {
						CreatedOnToolsVersion = 15.2;
					};
				};
			};
			buildConfigurationList = B61F50F02B7B07390011D79F /* Build configuration list for PBXProject "WibuApp" */;
			compatibilityVersion = "Xcode 14.0";
			developmentRegion = en;
			hasScannedForEncodings = 0;
			knownRegions = (
				en,
				Base,
				id,
			);
			mainGroup = B61F50EC2B7B07390011D79F;
			productRefGroup = B61F50F62B7B07390011D79F /* Products */;
			projectDirPath = "";
			projectRoot = "";
			targets = (
				B61F50F42B7B07390011D79F /* WibuApp */,
			);
		};
/* End PBXProject section */

/* Begin PBXResourcesBuildPhase section */
		B61F50F32B7B07390011D79F /* Resources */ = {
			isa = PBXResourcesBuildPhase;
			buildActionMask = 2147483647;
			files = (
				B61F51002B7B073A0011D79F /* Preview Assets.xcassets in Resources */,
				B61F50FD2B7B073A0011D79F /* Assets.xcassets in Resources */,
				B63266992B7F0F4E00CA729E /* Localizable.xcstrings in Resources */,
			);
			runOnlyForDeploymentPostprocessing = 0;
		};
/* End PBXResourcesBuildPhase section */

/* Begin PBXSourcesBuildPhase section */
		B61F50F12B7B07390011D79F /* Sources */ = {
			isa = PBXSourcesBuildPhase;
			buildActionMask = 2147483647;
			files = (
				B61F510F2B7B76530011D79F /* WaifuModel.swift in Sources */,
				B61F51142B7B77D70011D79F /* HomeViewModel.swift in Sources */,
				B61F510D2B7B3B930011D79F /* CharacterCard.swift in Sources */,
				B61F51112B7B76760011D79F /* NetworkManager.swift in Sources */,
				B61F50FB2B7B07390011D79F /* ContentView.swift in Sources */,
				B61F51172B7B79100011D79F /* WaifuService.swift in Sources */,
				B6D3683F2B7E299E0081A435 /* ShareSheetView.swift in Sources */,
				B61F50F92B7B07390011D79F /* WibuAppApp.swift in Sources */,
			);
			runOnlyForDeploymentPostprocessing = 0;
		};
/* End PBXSourcesBuildPhase section */

/* Begin XCBuildConfiguration section */
		B61F51012B7B073A0011D79F /* Debug */ = {
			isa = XCBuildConfiguration;
			buildSettings = {
				ALWAYS_SEARCH_USER_PATHS = NO;
				ASSETCATALOG_COMPILER_GENERATE_SWIFT_ASSET_SYMBOL_EXTENSIONS = YES;
				CLANG_ANALYZER_NONNULL = YES;
				CLANG_ANALYZER_NUMBER_OBJECT_CONVERSION = YES_AGGRESSIVE;
				CLANG_CXX_LANGUAGE_STANDARD = "gnu++20";
				CLANG_ENABLE_MODULES = YES;
				CLANG_ENABLE_OBJC_ARC = YES;
				CLANG_ENABLE_OBJC_WEAK = YES;
				CLANG_WARN_BLOCK_CAPTURE_AUTORELEASING = YES;
				CLANG_WARN_BOOL_CONVERSION = YES;
				CLANG_WARN_COMMA = YES;
				CLANG_WARN_CONSTANT_CONVERSION = YES;
				CLANG_WARN_DEPRECATED_OBJC_IMPLEMENTATIONS = YES;
				CLANG_WARN_DIRECT_OBJC_ISA_USAGE = YES_ERROR;
				CLANG_WARN_DOCUMENTATION_COMMENTS = YES;
				CLANG_WARN_EMPTY_BODY = YES;
				CLANG_WARN_ENUM_CONVERSION = YES;
				CLANG_WARN_INFINITE_RECURSION = YES;
				CLANG_WARN_INT_CONVERSION = YES;
				CLANG_WARN_NON_LITERAL_NULL_CONVERSION = YES;
				CLANG_WARN_OBJC_IMPLICIT_RETAIN_SELF = YES;
				CLANG_WARN_OBJC_LITERAL_CONVERSION = YES;
				CLANG_WARN_OBJC_ROOT_CLASS = YES_ERROR;
				CLANG_WARN_QUOTED_INCLUDE_IN_FRAMEWORK_HEADER = YES;
				CLANG_WARN_RANGE_LOOP_ANALYSIS = YES;
				CLANG_WARN_STRICT_PROTOTYPES = YES;
				CLANG_WARN_SUSPICIOUS_MOVE = YES;
				CLANG_WARN_UNGUARDED_AVAILABILITY = YES_AGGRESSIVE;
				CLANG_WARN_UNREACHABLE_CODE = YES;
				CLANG_WARN__DUPLICATE_METHOD_MATCH = YES;
				COPY_PHASE_STRIP = NO;
				DEBUG_INFORMATION_FORMAT = dwarf;
				ENABLE_STRICT_OBJC_MSGSEND = YES;
				ENABLE_TESTABILITY = YES;
				ENABLE_USER_SCRIPT_SANDBOXING = YES;
				GCC_C_LANGUAGE_STANDARD = gnu17;
				GCC_DYNAMIC_NO_PIC = NO;
				GCC_NO_COMMON_BLOCKS = YES;
				GCC_OPTIMIZATION_LEVEL = 0;
				GCC_PREPROCESSOR_DEFINITIONS = (
					"DEBUG=1",
					"$(inherited)",
				);
				GCC_WARN_64_TO_32_BIT_CONVERSION = YES;
				GCC_WARN_ABOUT_RETURN_TYPE = YES_ERROR;
				GCC_WARN_UNDECLARED_SELECTOR = YES;
				GCC_WARN_UNINITIALIZED_AUTOS = YES_AGGRESSIVE;
				GCC_WARN_UNUSED_FUNCTION = YES;
				GCC_WARN_UNUSED_VARIABLE = YES;
				IPHONEOS_DEPLOYMENT_TARGET = 17.2;
				LOCALIZATION_PREFERS_STRING_CATALOGS = YES;
				MTL_ENABLE_DEBUG_INFO = INCLUDE_SOURCE;
				MTL_FAST_MATH = YES;
				ONLY_ACTIVE_ARCH = YES;
				SDKROOT = iphoneos;
				SWIFT_ACTIVE_COMPILATION_CONDITIONS = "DEBUG $(inherited)";
				SWIFT_OPTIMIZATION_LEVEL = "-Onone";
			};
			name = Debug;
		};
		B61F51022B7B073A0011D79F /* Release */ = {
			isa = XCBuildConfiguration;
			buildSettings = {
				ALWAYS_SEARCH_USER_PATHS = NO;
				ASSETCATALOG_COMPILER_GENERATE_SWIFT_ASSET_SYMBOL_EXTENSIONS = YES;
				CLANG_ANALYZER_NONNULL = YES;
				CLANG_ANALYZER_NUMBER_OBJECT_CONVERSION = YES_AGGRESSIVE;
				CLANG_CXX_LANGUAGE_STANDARD = "gnu++20";
				CLANG_ENABLE_MODULES = YES;
				CLANG_ENABLE_OBJC_ARC = YES;
				CLANG_ENABLE_OBJC_WEAK = YES;
				CLANG_WARN_BLOCK_CAPTURE_AUTORELEASING = YES;
				CLANG_WARN_BOOL_CONVERSION = YES;
				CLANG_WARN_COMMA = YES;
				CLANG_WARN_CONSTANT_CONVERSION = YES;
				CLANG_WARN_DEPRECATED_OBJC_IMPLEMENTATIONS = YES;
				CLANG_WARN_DIRECT_OBJC_ISA_USAGE = YES_ERROR;
				CLANG_WARN_DOCUMENTATION_COMMENTS = YES;
				CLANG_WARN_EMPTY_BODY = YES;
				CLANG_WARN_ENUM_CONVERSION = YES;
				CLANG_WARN_INFINITE_RECURSION = YES;
				CLANG_WARN_INT_CONVERSION = YES;
				CLANG_WARN_NON_LITERAL_NULL_CONVERSION = YES;
				CLANG_WARN_OBJC_IMPLICIT_RETAIN_SELF = YES;
				CLANG_WARN_OBJC_LITERAL_CONVERSION = YES;
				CLANG_WARN_OBJC_ROOT_CLASS = YES_ERROR;
				CLANG_WARN_QUOTED_INCLUDE_IN_FRAMEWORK_HEADER = YES;
				CLANG_WARN_RANGE_LOOP_ANALYSIS = YES;
				CLANG_WARN_STRICT_PROTOTYPES = YES;
				CLANG_WARN_SUSPICIOUS_MOVE = YES;
				CLANG_WARN_UNGUARDED_AVAILABILITY = YES_AGGRESSIVE;
				CLANG_WARN_UNREACHABLE_CODE = YES;
				CLANG_WARN__DUPLICATE_METHOD_MATCH = YES;
				COPY_PHASE_STRIP = NO;
				DEBUG_INFORMATION_FORMAT = "dwarf-with-dsym";
				ENABLE_NS_ASSERTIONS = NO;
				ENABLE_STRICT_OBJC_MSGSEND = YES;
				ENABLE_USER_SCRIPT_SANDBOXING = YES;
				GCC_C_LANGUAGE_STANDARD = gnu17;
				GCC_NO_COMMON_BLOCKS = YES;
				GCC_WARN_64_TO_32_BIT_CONVERSION = YES;
				GCC_WARN_ABOUT_RETURN_TYPE = YES_ERROR;
				GCC_WARN_UNDECLARED_SELECTOR = YES;
				GCC_WARN_UNINITIALIZED_AUTOS = YES_AGGRESSIVE;
				GCC_WARN_UNUSED_FUNCTION = YES;
				GCC_WARN_UNUSED_VARIABLE = YES;
				IPHONEOS_DEPLOYMENT_TARGET = 17.2;
				LOCALIZATION_PREFERS_STRING_CATALOGS = YES;
				MTL_ENABLE_DEBUG_INFO = NO;
				MTL_FAST_MATH = YES;
				SDKROOT = iphoneos;
				SWIFT_COMPILATION_MODE = wholemodule;
				VALIDATE_PRODUCT = YES;
			};
			name = Release;
		};
		B61F51042B7B073A0011D79F /* Debug */ = {
			isa = XCBuildConfiguration;
			buildSettings = {
				ASSETCATALOG_COMPILER_APPICON_NAME = AppIcon;
				ASSETCATALOG_COMPILER_GLOBAL_ACCENT_COLOR_NAME = AccentColor;
				CODE_SIGN_STYLE = Automatic;
				CURRENT_PROJECT_VERSION = 1;
				DEVELOPMENT_ASSET_PATHS = "\"WibuApp/Preview Content\"";
				DEVELOPMENT_TEAM = 7V7HY54PYB;
				ENABLE_PREVIEWS = YES;
				GENERATE_INFOPLIST_FILE = YES;
				INFOPLIST_KEY_UIApplicationSceneManifest_Generation = YES;
				INFOPLIST_KEY_UIApplicationSupportsIndirectInputEvents = YES;
				INFOPLIST_KEY_UILaunchScreen_Generation = YES;
				INFOPLIST_KEY_UISupportedInterfaceOrientations_iPad = "UIInterfaceOrientationPortrait UIInterfaceOrientationPortraitUpsideDown UIInterfaceOrientationLandscapeLeft UIInterfaceOrientationLandscapeRight";
				INFOPLIST_KEY_UISupportedInterfaceOrientations_iPhone = "UIInterfaceOrientationPortrait UIInterfaceOrientationLandscapeLeft UIInterfaceOrientationLandscapeRight";
				LD_RUNPATH_SEARCH_PATHS = (
					"$(inherited)",
					"@executable_path/Frameworks",
				);
				MARKETING_VERSION = 1.0;
				PRODUCT_BUNDLE_IDENTIFIER = id.cozycodelab.WibuApp;
				PRODUCT_NAME = "$(TARGET_NAME)";
				SWIFT_EMIT_LOC_STRINGS = YES;
				SWIFT_VERSION = 5.0;
				TARGETED_DEVICE_FAMILY = "1,2";
			};
			name = Debug;
		};
		B61F51052B7B073A0011D79F /* Release */ = {
			isa = XCBuildConfiguration;
			buildSettings = {
				ASSETCATALOG_COMPILER_APPICON_NAME = AppIcon;
				ASSETCATALOG_COMPILER_GLOBAL_ACCENT_COLOR_NAME = AccentColor;
				CODE_SIGN_STYLE = Automatic;
				CURRENT_PROJECT_VERSION = 1;
				DEVELOPMENT_ASSET_PATHS = "\"WibuApp/Preview Content\"";
				DEVELOPMENT_TEAM = 7V7HY54PYB;
				ENABLE_PREVIEWS = YES;
				GENERATE_INFOPLIST_FILE = YES;
				INFOPLIST_KEY_UIApplicationSceneManifest_Generation = YES;
				INFOPLIST_KEY_UIApplicationSupportsIndirectInputEvents = YES;
				INFOPLIST_KEY_UILaunchScreen_Generation = YES;
				INFOPLIST_KEY_UISupportedInterfaceOrientations_iPad = "UIInterfaceOrientationPortrait UIInterfaceOrientationPortraitUpsideDown UIInterfaceOrientationLandscapeLeft UIInterfaceOrientationLandscapeRight";
				INFOPLIST_KEY_UISupportedInterfaceOrientations_iPhone = "UIInterfaceOrientationPortrait UIInterfaceOrientationLandscapeLeft UIInterfaceOrientationLandscapeRight";
				LD_RUNPATH_SEARCH_PATHS = (
					"$(inherited)",
					"@executable_path/Frameworks",
				);
				MARKETING_VERSION = 1.0;
				PRODUCT_BUNDLE_IDENTIFIER = id.cozycodelab.WibuApp;
				PRODUCT_NAME = "$(TARGET_NAME)";
				SWIFT_EMIT_LOC_STRINGS = YES;
				SWIFT_VERSION = 5.0;
				TARGETED_DEVICE_FAMILY = "1,2";
			};
			name = Release;
		};
/* End XCBuildConfiguration section */

/* Begin XCConfigurationList section */
		B61F50F02B7B07390011D79F /* Build configuration list for PBXProject "WibuApp" */ = {
			isa = XCConfigurationList;
			buildConfigurations = (
				B61F51012B7B073A0011D79F /* Debug */,
				B61F51022B7B073A0011D79F /* Release */,
			);
			defaultConfigurationIsVisible = 0;
			defaultConfigurationName = Release;
		};
		B61F51032B7B073A0011D79F /* Build configuration list for PBXNativeTarget "WibuApp" */ = {
			isa = XCConfigurationList;
			buildConfigurations = (
				B61F51042B7B073A0011D79F /* Debug */,
				B61F51052B7B073A0011D79F /* Release */,
			);
			defaultConfigurationIsVisible = 0;
			defaultConfigurationName = Release;
		};
/* End XCConfigurationList section */
	};
	rootObject = B61F50ED2B7B07390011D79F /* Project object */;
}
